// !$*UTF8*$!
{
	archiveVersion = 1;
	classes = {
	};
	objectVersion = 50;
	objects = {

/* Begin PBXBuildFile section */
		3A1188D221D535C700B7A52D /* ProgressBarView.swift in Sources */ = {isa = PBXBuildFile; fileRef = 3A1188D121D535C700B7A52D /* ProgressBarView.swift */; };
		3A3042B421D4E23000F044DC /* AppDelegate.swift in Sources */ = {isa = PBXBuildFile; fileRef = 3A3042B321D4E23000F044DC /* AppDelegate.swift */; };
		3A3042B921D4E23000F044DC /* Main.storyboard in Resources */ = {isa = PBXBuildFile; fileRef = 3A3042B721D4E23000F044DC /* Main.storyboard */; };
		3A3042BB21D4E23200F044DC /* Assets.xcassets in Resources */ = {isa = PBXBuildFile; fileRef = 3A3042BA21D4E23200F044DC /* Assets.xcassets */; };
		3A3042BE21D4E23200F044DC /* LaunchScreen.storyboard in Resources */ = {isa = PBXBuildFile; fileRef = 3A3042BC21D4E23200F044DC /* LaunchScreen.storyboard */; };
		3A3042C621D4E44100F044DC /* StatsData.swift in Sources */ = {isa = PBXBuildFile; fileRef = 3A3042C521D4E44100F044DC /* StatsData.swift */; };
		3A3042C821D4EF6D00F044DC /* Day.swift in Sources */ = {isa = PBXBuildFile; fileRef = 3A3042C721D4EF6D00F044DC /* Day.swift */; };
		3A3042CA21D500D900F044DC /* DaysViewController.swift in Sources */ = {isa = PBXBuildFile; fileRef = 3A3042C921D500D900F044DC /* DaysViewController.swift */; };
		3A3042CC21D501AA00F044DC /* DayTableViewCell.swift in Sources */ = {isa = PBXBuildFile; fileRef = 3A3042CB21D501AA00F044DC /* DayTableViewCell.swift */; };
		3A62460121D50C1D004CC4C2 /* Persistence.swift in Sources */ = {isa = PBXBuildFile; fileRef = 3A62460021D50C1D004CC4C2 /* Persistence.swift */; };
		3A83606521D6155C00F85627 /* Goal.swift in Sources */ = {isa = PBXBuildFile; fileRef = 3A83606421D6155C00F85627 /* Goal.swift */; };
		3AA9824521D602A200F5581D /* GoalViewController.swift in Sources */ = {isa = PBXBuildFile; fileRef = 3AA9824421D602A200F5581D /* GoalViewController.swift */; };
/* End PBXBuildFile section */

/* Begin PBXFileReference section */
		3A1188D121D535C700B7A52D /* ProgressBarView.swift */ = {isa = PBXFileReference; lastKnownFileType = sourcecode.swift; path = ProgressBarView.swift; sourceTree = "<group>"; };
		3A3042B021D4E23000F044DC /* ONETRAK.app */ = {isa = PBXFileReference; explicitFileType = wrapper.application; includeInIndex = 0; path = ONETRAK.app; sourceTree = BUILT_PRODUCTS_DIR; };
		3A3042B321D4E23000F044DC /* AppDelegate.swift */ = {isa = PBXFileReference; lastKnownFileType = sourcecode.swift; path = AppDelegate.swift; sourceTree = "<group>"; };
		3A3042B821D4E23000F044DC /* Base */ = {isa = PBXFileReference; lastKnownFileType = file.storyboard; name = Base; path = Base.lproj/Main.storyboard; sourceTree = "<group>"; };
		3A3042BA21D4E23200F044DC /* Assets.xcassets */ = {isa = PBXFileReference; lastKnownFileType = folder.assetcatalog; path = Assets.xcassets; sourceTree = "<group>"; };
		3A3042BD21D4E23200F044DC /* Base */ = {isa = PBXFileReference; lastKnownFileType = file.storyboard; name = Base; path = Base.lproj/LaunchScreen.storyboard; sourceTree = "<group>"; };
		3A3042BF21D4E23200F044DC /* Info.plist */ = {isa = PBXFileReference; lastKnownFileType = text.plist.xml; path = Info.plist; sourceTree = "<group>"; };
		3A3042C521D4E44100F044DC /* StatsData.swift */ = {isa = PBXFileReference; lastKnownFileType = sourcecode.swift; path = StatsData.swift; sourceTree = "<group>"; };
		3A3042C721D4EF6D00F044DC /* Day.swift */ = {isa = PBXFileReference; lastKnownFileType = sourcecode.swift; path = Day.swift; sourceTree = "<group>"; };
		3A3042C921D500D900F044DC /* DaysViewController.swift */ = {isa = PBXFileReference; lastKnownFileType = sourcecode.swift; path = DaysViewController.swift; sourceTree = "<group>"; };
		3A3042CB21D501AA00F044DC /* DayTableViewCell.swift */ = {isa = PBXFileReference; lastKnownFileType = sourcecode.swift; path = DayTableViewCell.swift; sourceTree = "<group>"; };
		3A62460021D50C1D004CC4C2 /* Persistence.swift */ = {isa = PBXFileReference; fileEncoding = 4; lastKnownFileType = sourcecode.swift; path = Persistence.swift; sourceTree = "<group>"; };
		3A83606421D6155C00F85627 /* Goal.swift */ = {isa = PBXFileReference; lastKnownFileType = sourcecode.swift; path = Goal.swift; sourceTree = "<group>"; };
		3AA9824421D602A200F5581D /* GoalViewController.swift */ = {isa = PBXFileReference; lastKnownFileType = sourcecode.swift; path = GoalViewController.swift; sourceTree = "<group>"; };
/* End PBXFileReference section */

/* Begin PBXFrameworksBuildPhase section */
		3A3042AD21D4E23000F044DC /* Frameworks */ = {
			isa = PBXFrameworksBuildPhase;
			buildActionMask = 2147483647;
			files = (
			);
			runOnlyForDeploymentPostprocessing = 0;
		};
/* End PBXFrameworksBuildPhase section */

/* Begin PBXGroup section */
		3A1188D021D5173A00B7A52D /* Model */ = {
			isa = PBXGroup;
			children = (
				3A83606421D6155C00F85627 /* Goal.swift */,
				3A3042C521D4E44100F044DC /* StatsData.swift */,
				3A62460021D50C1D004CC4C2 /* Persistence.swift */,
				3A3042C721D4EF6D00F044DC /* Day.swift */,
			);
			name = Model;
			sourceTree = "<group>";
		};
		3A3042A721D4E23000F044DC = {
			isa = PBXGroup;
			children = (
				3A3042B221D4E23000F044DC /* ONETRAK */,
				3A3042B121D4E23000F044DC /* Products */,
			);
			sourceTree = "<group>";
		};
		3A3042B121D4E23000F044DC /* Products */ = {
			isa = PBXGroup;
			children = (
				3A3042B021D4E23000F044DC /* ONETRAK.app */,
			);
			name = Products;
			sourceTree = "<group>";
		};
		3A3042B221D4E23000F044DC /* ONETRAK */ = {
			isa = PBXGroup;
			children = (
				3A3042CD21D505CF00F044DC /* Supporting Files */,
				3A83606621D6320A00F85627 /* View */,
				3A41701021D7BF2C00BA54D7 /* Controller */,
				3A1188D021D5173A00B7A52D /* Model */,
				3A3042BA21D4E23200F044DC /* Assets.xcassets */,
				3A3042BF21D4E23200F044DC /* Info.plist */,
			);
			path = ONETRAK;
			sourceTree = "<group>";
		};
		3A3042CD21D505CF00F044DC /* Supporting Files */ = {
			isa = PBXGroup;
			children = (
				3A3042B321D4E23000F044DC /* AppDelegate.swift */,
				3A3042BC21D4E23200F044DC /* LaunchScreen.storyboard */,
			);
			path = "Supporting Files";
			sourceTree = "<group>";
		};
		3A41701021D7BF2C00BA54D7 /* Controller */ = {
			isa = PBXGroup;
			children = (
				3AA9824421D602A200F5581D /* GoalViewController.swift */,
				3A3042C921D500D900F044DC /* DaysViewController.swift */,
			);
			path = Controller;
			sourceTree = "<group>";
		};
		3A83606621D6320A00F85627 /* View */ = {
			isa = PBXGroup;
			children = (
				3A3042B721D4E23000F044DC /* Main.storyboard */,
				3A3042CB21D501AA00F044DC /* DayTableViewCell.swift */,
				3A1188D121D535C700B7A52D /* ProgressBarView.swift */,
			);
			path = View;
			sourceTree = "<group>";
		};
/* End PBXGroup section */

/* Begin PBXNativeTarget section */
		3A3042AF21D4E23000F044DC /* ONETRAK */ = {
			isa = PBXNativeTarget;
			buildConfigurationList = 3A3042C221D4E23200F044DC /* Build configuration list for PBXNativeTarget "ONETRAK" */;
			buildPhases = (
				3A3042AC21D4E23000F044DC /* Sources */,
				3A3042AD21D4E23000F044DC /* Frameworks */,
				3A3042AE21D4E23000F044DC /* Resources */,
			);
			buildRules = (
			);
			dependencies = (
			);
			name = ONETRAK;
			productName = ONETRAK;
			productReference = 3A3042B021D4E23000F044DC /* ONETRAK.app */;
			productType = "com.apple.product-type.application";
		};
/* End PBXNativeTarget section */

/* Begin PBXProject section */
		3A3042A821D4E23000F044DC /* Project object */ = {
			isa = PBXProject;
			attributes = {
				LastSwiftUpdateCheck = 0940;
				LastUpgradeCheck = 0940;
				ORGANIZATIONNAME = "Anton Kuznetsov";
				TargetAttributes = {
					3A3042AF21D4E23000F044DC = {
						CreatedOnToolsVersion = 9.4.1;
					};
				};
			};
			buildConfigurationList = 3A3042AB21D4E23000F044DC /* Build configuration list for PBXProject "ONETRAK" */;
			compatibilityVersion = "Xcode 9.3";
			developmentRegion = en;
			hasScannedForEncodings = 0;
			knownRegions = (
				en,
				Base,
			);
			mainGroup = 3A3042A721D4E23000F044DC;
			productRefGroup = 3A3042B121D4E23000F044DC /* Products */;
			projectDirPath = "";
			projectRoot = "";
			targets = (
				3A3042AF21D4E23000F044DC /* ONETRAK */,
			);
		};
/* End PBXProject section */

/* Begin PBXResourcesBuildPhase section */
		3A3042AE21D4E23000F044DC /* Resources */ = {
			isa = PBXResourcesBuildPhase;
			buildActionMask = 2147483647;
			files = (
				3A3042BE21D4E23200F044DC /* LaunchScreen.storyboard in Resources */,
				3A3042BB21D4E23200F044DC /* Assets.xcassets in Resources */,
				3A3042B921D4E23000F044DC /* Main.storyboard in Resources */,
			);
			runOnlyForDeploymentPostprocessing = 0;
		};
/* End PBXResourcesBuildPhase section */

/* Begin PBXSourcesBuildPhase section */
		3A3042AC21D4E23000F044DC /* Sources */ = {
			isa = PBXSourcesBuildPhase;
			buildActionMask = 2147483647;
			files = (
				3A3042C621D4E44100F044DC /* StatsData.swift in Sources */,
				3A3042C821D4EF6D00F044DC /* Day.swift in Sources */,
				3A3042CC21D501AA00F044DC /* DayTableViewCell.swift in Sources */,
				3A62460121D50C1D004CC4C2 /* Persistence.swift in Sources */,
				3A3042B421D4E23000F044DC /* AppDelegate.swift in Sources */,
				3AA9824521D602A200F5581D /* GoalViewController.swift in Sources */,
				3A3042CA21D500D900F044DC /* DaysViewController.swift in Sources */,
				3A83606521D6155C00F85627 /* Goal.swift in Sources */,
				3A1188D221D535C700B7A52D /* ProgressBarView.swift in Sources */,
			);
			runOnlyForDeploymentPostprocessing = 0;
		};
/* End PBXSourcesBuildPhase section */

/* Begin PBXVariantGroup section */
		3A3042B721D4E23000F044DC /* Main.storyboard */ = {
			isa = PBXVariantGroup;
			children = (
				3A3042B821D4E23000F044DC /* Base */,
			);
			name = Main.storyboard;
			sourceTree = "<group>";
		};
		3A3042BC21D4E23200F044DC /* LaunchScreen.storyboard */ = {
			isa = PBXVariantGroup;
			children = (
				3A3042BD21D4E23200F044DC /* Base */,
			);
			name = LaunchScreen.storyboard;
			sourceTree = "<group>";
		};
/* End PBXVariantGroup section */

/* Begin XCBuildConfiguration section */
		3A3042C021D4E23200F044DC /* Debug */ = {
			isa = XCBuildConfiguration;
			buildSettings = {
				ALWAYS_SEARCH_USER_PATHS = NO;
				CLANG_ANALYZER_NONNULL = YES;
				CLANG_ANALYZER_NUMBER_OBJECT_CONVERSION = YES_AGGRESSIVE;
				CLANG_CXX_LANGUAGE_STANDARD = "gnu++14";
				CLANG_CXX_LIBRARY = "libc++";
				CLANG_ENABLE_MODULES = YES;
				CLANG_ENABLE_OBJC_ARC = YES;
				CLANG_ENABLE_OBJC_WEAK = YES;
				CLANG_WARN_BLOCK_CAPTURE_AUTORELEASING = YES;
				CLANG_WARN_BOOL_CONVERSION = YES;
				CLANG_WARN_COMMA = YES;
				CLANG_WARN_CONSTANT_CONVERSION = YES;
				CLANG_WARN_DEPRECATED_OBJC_IMPLEMENTATIONS = YES;
				CLANG_WARN_DIRECT_OBJC_ISA_USAGE = YES_ERROR;
				CLANG_WARN_DOCUMENTATION_COMMENTS = YES;
				CLANG_WARN_EMPTY_BODY = YES;
				CLANG_WARN_ENUM_CONVERSION = YES;
				CLANG_WARN_INFINITE_RECURSION = YES;
				CLANG_WARN_INT_CONVERSION = YES;
				CLANG_WARN_NON_LITERAL_NULL_CONVERSION = YES;
				CLANG_WARN_OBJC_IMPLICIT_RETAIN_SELF = YES;
				CLANG_WARN_OBJC_LITERAL_CONVERSION = YES;
				CLANG_WARN_OBJC_ROOT_CLASS = YES_ERROR;
				CLANG_WARN_RANGE_LOOP_ANALYSIS = YES;
				CLANG_WARN_STRICT_PROTOTYPES = YES;
				CLANG_WARN_SUSPICIOUS_MOVE = YES;
				CLANG_WARN_UNGUARDED_AVAILABILITY = YES_AGGRESSIVE;
				CLANG_WARN_UNREACHABLE_CODE = YES;
				CLANG_WARN__DUPLICATE_METHOD_MATCH = YES;
				CODE_SIGN_IDENTITY = "iPhone Developer";
				COPY_PHASE_STRIP = NO;
				DEBUG_INFORMATION_FORMAT = dwarf;
				ENABLE_STRICT_OBJC_MSGSEND = YES;
				ENABLE_TESTABILITY = YES;
				GCC_C_LANGUAGE_STANDARD = gnu11;
				GCC_DYNAMIC_NO_PIC = NO;
				GCC_NO_COMMON_BLOCKS = YES;
				GCC_OPTIMIZATION_LEVEL = 0;
				GCC_PREPROCESSOR_DEFINITIONS = (
					"DEBUG=1",
					"$(inherited)",
				);
				GCC_WARN_64_TO_32_BIT_CONVERSION = YES;
				GCC_WARN_ABOUT_RETURN_TYPE = YES_ERROR;
				GCC_WARN_UNDECLARED_SELECTOR = YES;
				GCC_WARN_UNINITIALIZED_AUTOS = YES_AGGRESSIVE;
				GCC_WARN_UNUSED_FUNCTION = YES;
				GCC_WARN_UNUSED_VARIABLE = YES;
				IPHONEOS_DEPLOYMENT_TARGET = 11.4;
				MTL_ENABLE_DEBUG_INFO = YES;
				ONLY_ACTIVE_ARCH = YES;
				SDKROOT = iphoneos;
				SWIFT_ACTIVE_COMPILATION_CONDITIONS = DEBUG;
				SWIFT_OPTIMIZATION_LEVEL = "-Onone";
			};
			name = Debug;
		};
		3A3042C121D4E23200F044DC /* Release */ = {
			isa = XCBuildConfiguration;
			buildSettings = {
				ALWAYS_SEARCH_USER_PATHS = NO;
				CLANG_ANALYZER_NONNULL = YES;
				CLANG_ANALYZER_NUMBER_OBJECT_CONVERSION = YES_AGGRESSIVE;
				CLANG_CXX_LANGUAGE_STANDARD = "gnu++14";
				CLANG_CXX_LIBRARY = "libc++";
				CLANG_ENABLE_MODULES = YES;
				CLANG_ENABLE_OBJC_ARC = YES;
				CLANG_ENABLE_OBJC_WEAK = YES;
				CLANG_WARN_BLOCK_CAPTURE_AUTORELEASING = YES;
				CLANG_WARN_BOOL_CONVERSION = YES;
				CLANG_WARN_COMMA = YES;
				CLANG_WARN_CONSTANT_CONVERSION = YES;
				CLANG_WARN_DEPRECATED_OBJC_IMPLEMENTATIONS = YES;
				CLANG_WARN_DIRECT_OBJC_ISA_USAGE = YES_ERROR;
				CLANG_WARN_DOCUMENTATION_COMMENTS = YES;
				CLANG_WARN_EMPTY_BODY = YES;
				CLANG_WARN_ENUM_CONVERSION = YES;
				CLANG_WARN_INFINITE_RECURSION = YES;
				CLANG_WARN_INT_CONVERSION = YES;
				CLANG_WARN_NON_LITERAL_NULL_CONVERSION = YES;
				CLANG_WARN_OBJC_IMPLICIT_RETAIN_SELF = YES;
				CLANG_WARN_OBJC_LITERAL_CONVERSION = YES;
				CLANG_WARN_OBJC_ROOT_CLASS = YES_ERROR;
				CLANG_WARN_RANGE_LOOP_ANALYSIS = YES;
				CLANG_WARN_STRICT_PROTOTYPES = YES;
				CLANG_WARN_SUSPICIOUS_MOVE = YES;
				CLANG_WARN_UNGUARDED_AVAILABILITY = YES_AGGRESSIVE;
				CLANG_WARN_UNREACHABLE_CODE = YES;
				CLANG_WARN__DUPLICATE_METHOD_MATCH = YES;
				CODE_SIGN_IDENTITY = "iPhone Developer";
				COPY_PHASE_STRIP = NO;
				DEBUG_INFORMATION_FORMAT = "dwarf-with-dsym";
				ENABLE_NS_ASSERTIONS = NO;
				ENABLE_STRICT_OBJC_MSGSEND = YES;
				GCC_C_LANGUAGE_STANDARD = gnu11;
				GCC_NO_COMMON_BLOCKS = YES;
				GCC_WARN_64_TO_32_BIT_CONVERSION = YES;
				GCC_WARN_ABOUT_RETURN_TYPE = YES_ERROR;
				GCC_WARN_UNDECLARED_SELECTOR = YES;
				GCC_WARN_UNINITIALIZED_AUTOS = YES_AGGRESSIVE;
				GCC_WARN_UNUSED_FUNCTION = YES;
				GCC_WARN_UNUSED_VARIABLE = YES;
				IPHONEOS_DEPLOYMENT_TARGET = 11.4;
				MTL_ENABLE_DEBUG_INFO = NO;
				SDKROOT = iphoneos;
				SWIFT_COMPILATION_MODE = wholemodule;
				SWIFT_OPTIMIZATION_LEVEL = "-O";
				VALIDATE_PRODUCT = YES;
			};
			name = Release;
		};
		3A3042C321D4E23200F044DC /* Debug */ = {
			isa = XCBuildConfiguration;
			buildSettings = {
				ASSETCATALOG_COMPILER_APPICON_NAME = AppIcon;
				CODE_SIGN_STYLE = Automatic;
				DEVELOPMENT_TEAM = Z8RKZA6P4R;
				INFOPLIST_FILE = ONETRAK/Info.plist;
				LD_RUNPATH_SEARCH_PATHS = (
					"$(inherited)",
					"@executable_path/Frameworks",
				);
				PRODUCT_BUNDLE_IDENTIFIER = com.example.ONETRAK;
				PRODUCT_NAME = "$(TARGET_NAME)";
				SWIFT_VERSION = 4.0;
				TARGETED_DEVICE_FAMILY = "1,2";
			};
			name = Debug;
		};
		3A3042C421D4E23200F044DC /* Release */ = {
			isa = XCBuildConfiguration;
			buildSettings = {
				ASSETCATALOG_COMPILER_APPICON_NAME = AppIcon;
				CODE_SIGN_STYLE = Automatic;
				DEVELOPMENT_TEAM = Z8RKZA6P4R;
				INFOPLIST_FILE = ONETRAK/Info.plist;
				LD_RUNPATH_SEARCH_PATHS = (
					"$(inherited)",
					"@executable_path/Frameworks",
				);
				PRODUCT_BUNDLE_IDENTIFIER = com.example.ONETRAK;
				PRODUCT_NAME = "$(TARGET_NAME)";
				SWIFT_VERSION = 4.0;
				TARGETED_DEVICE_FAMILY = "1,2";
			};
			name = Release;
		};
/* End XCBuildConfiguration section */

/* Begin XCConfigurationList section */
		3A3042AB21D4E23000F044DC /* Build configuration list for PBXProject "ONETRAK" */ = {
			isa = XCConfigurationList;
			buildConfigurations = (
				3A3042C021D4E23200F044DC /* Debug */,
				3A3042C121D4E23200F044DC /* Release */,
			);
			defaultConfigurationIsVisible = 0;
			defaultConfigurationName = Release;
		};
		3A3042C221D4E23200F044DC /* Build configuration list for PBXNativeTarget "ONETRAK" */ = {
			isa = XCConfigurationList;
			buildConfigurations = (
				3A3042C321D4E23200F044DC /* Debug */,
				3A3042C421D4E23200F044DC /* Release */,
			);
			defaultConfigurationIsVisible = 0;
			defaultConfigurationName = Release;
		};
/* End XCConfigurationList section */
	};
	rootObject = 3A3042A821D4E23000F044DC /* Project object */;
}
